
Microsoft Visual Studio Solution File, Format Version 12.00
# Visual Studio Version 17
VisualStudioVersion = 17.0.31919.166
MinimumVisualStudioVersion = 10.0.40219.1
Project("{9A19103F-16F7-4668-BE54-9A1E7A4F7556}") = "Server.Api", "src\server\Server.Api.csproj", "{1423D5D5-A901-4BAE-B858-262AA25E3038}"
EndProject
Project("{E53339B2-1760-4266-BCC7-CA923CBCF16C}") = "docker-compose", "docker-compose.dcproj", "{95575B6E-8D32-4396-BD30-048634AB7DEE}"
EndProject
Global
	GlobalSection(SolutionConfigurationPlatforms) = preSolution
		Debug|Any CPU = Debug|Any CPU
		Release|Any CPU = Release|Any CPU
	EndGlobalSection
	GlobalSection(ProjectConfigurationPlatforms) = postSolution
		{1423D5D5-A901-4BAE-B858-262AA25E3038}.Debug|Any CPU.ActiveCfg = Debug|Any CPU
		{1423D5D5-A901-4BAE-B858-262AA25E3038}.Debug|Any CPU.Build.0 = Debug|Any CPU
		{1423D5D5-A901-4BAE-B858-262AA25E3038}.Release|Any CPU.ActiveCfg = Release|Any CPU
		{1423D5D5-A901-4BAE-B858-262AA25E3038}.Release|Any CPU.Build.0 = Release|Any CPU
		{95575B6E-8D32-4396-BD30-048634AB7DEE}.Debug|Any CPU.ActiveCfg = Debug|Any CPU
		{95575B6E-8D32-4396-BD30-048634AB7DEE}.Debug|Any CPU.Build.0 = Debug|Any CPU
		{95575B6E-8D32-4396-BD30-048634AB7DEE}.Release|Any CPU.ActiveCfg = Release|Any CPU
		{95575B6E-8D32-4396-BD30-048634AB7DEE}.Release|Any CPU.Build.0 = Release|Any CPU
	EndGlobalSection
	GlobalSection(SolutionProperties) = preSolution
		HideSolutionNode = FALSE
	EndGlobalSection
	GlobalSection(ExtensibilityGlobals) = postSolution
		SolutionGuid = {A14FFC2B-C0D1-4715-817D-265E8534A181}
	EndGlobalSection
EndGlobal
